
Microsoft Visual Studio Solution File, Format Version 12.00
# Visual Studio Version 17
VisualStudioVersion = 17.14.36518.9 d17.14
MinimumVisualStudioVersion = 10.0.40219.1
Project("{54A90642-561A-4BB1-A94E-469ADEE60C69}") = "el_ahogado.client", "el_ahogado.client\el_ahogado.client.esproj", "{0D7B5D9C-5CC0-B797-6965-E1D1D922A6F3}"
EndProject
Project("{FAE04EC0-301F-11D3-BF4B-00C04F79EFBC}") = "El_Ahogado.Server", "El_Ahogado.Server\El_Ahogado.Server.csproj", "{D7B1AB7E-9BE7-4072-947B-5E910034316A}"
EndProject
Global
	GlobalSection(SolutionConfigurationPlatforms) = preSolution
		Debug|Any CPU = Debug|Any CPU
		Release|Any CPU = Release|Any CPU
	EndGlobalSection
	GlobalSection(ProjectConfigurationPlatforms) = postSolution
		{0D7B5D9C-5CC0-B797-6965-E1D1D922A6F3}.Debug|Any CPU.ActiveCfg = Debug|Any CPU
		{0D7B5D9C-5CC0-B797-6965-E1D1D922A6F3}.Debug|Any CPU.Build.0 = Debug|Any CPU
		{0D7B5D9C-5CC0-B797-6965-E1D1D922A6F3}.Debug|Any CPU.Deploy.0 = Debug|Any CPU
		{0D7B5D9C-5CC0-B797-6965-E1D1D922A6F3}.Release|Any CPU.ActiveCfg = Release|Any CPU
		{0D7B5D9C-5CC0-B797-6965-E1D1D922A6F3}.Release|Any CPU.Build.0 = Release|Any CPU
		{0D7B5D9C-5CC0-B797-6965-E1D1D922A6F3}.Release|Any CPU.Deploy.0 = Release|Any CPU
		{D7B1AB7E-9BE7-4072-947B-5E910034316A}.Debug|Any CPU.ActiveCfg = Debug|Any CPU
		{D7B1AB7E-9BE7-4072-947B-5E910034316A}.Debug|Any CPU.Build.0 = Debug|Any CPU
		{D7B1AB7E-9BE7-4072-947B-5E910034316A}.Release|Any CPU.ActiveCfg = Release|Any CPU
		{D7B1AB7E-9BE7-4072-947B-5E910034316A}.Release|Any CPU.Build.0 = Release|Any CPU
	EndGlobalSection
	GlobalSection(SolutionProperties) = preSolution
		HideSolutionNode = FALSE
	EndGlobalSection
	GlobalSection(ExtensibilityGlobals) = postSolution
		SolutionGuid = {E3E6EEE6-8A21-4C01-8482-2E8691772262}
	EndGlobalSection
EndGlobal
